
Microsoft Visual Studio Solution File, Format Version 12.00
# Visual Studio Version 16
VisualStudioVersion = 16.0.30406.217
MinimumVisualStudioVersion = 10.0.40219.1
Project("{FAE04EC0-301F-11D3-BF4B-00C04F79EFBC}") = "ServerShowHosts", "ServerShowHosts\ServerShowHosts.csproj", "{75D65BAA-9C9C-4261-A7EC-B0C9A68AA4F8}"
EndProject
Global
	GlobalSection(SolutionConfigurationPlatforms) = preSolution
		Debug|Any CPU = Debug|Any CPU
		Release|Any CPU = Release|Any CPU
	EndGlobalSection
	GlobalSection(ProjectConfigurationPlatforms) = postSolution
		{75D65BAA-9C9C-4261-A7EC-B0C9A68AA4F8}.Debug|Any CPU.ActiveCfg = Debug|Any CPU
		{75D65BAA-9C9C-4261-A7EC-B0C9A68AA4F8}.Debug|Any CPU.Build.0 = Debug|Any CPU
		{75D65BAA-9C9C-4261-A7EC-B0C9A68AA4F8}.Release|Any CPU.ActiveCfg = Release|Any CPU
		{75D65BAA-9C9C-4261-A7EC-B0C9A68AA4F8}.Release|Any CPU.Build.0 = Release|Any CPU
	EndGlobalSection
	GlobalSection(SolutionProperties) = preSolution
		HideSolutionNode = FALSE
	EndGlobalSection
	GlobalSection(ExtensibilityGlobals) = postSolution
		SolutionGuid = {E13D6312-4500-4C8B-BA08-A4991297BDDC}
	EndGlobalSection
EndGlobal
